// !$*UTF8*$!
{
	archiveVersion = 1;
	classes = {
	};
	objectVersion = 77;
	objects = {

/* Begin PBXContainerItemProxy section */
		98C558852CC2D8C200628ED3 /* PBXContainerItemProxy */ = {
			isa = PBXContainerItemProxy;
			containerPortal = 98C558662CC2D8C100628ED3 /* Project object */;
			proxyType = 1;
			remoteGlobalIDString = 98C5586D2CC2D8C100628ED3;
			remoteInfo = FollowersGitHub;
		};
		98C5588F2CC2D8C200628ED3 /* PBXContainerItemProxy */ = {
			isa = PBXContainerItemProxy;
			containerPortal = 98C558662CC2D8C100628ED3 /* Project object */;
			proxyType = 1;
			remoteGlobalIDString = 98C5586D2CC2D8C100628ED3;
			remoteInfo = FollowersGitHub;
		};
/* End PBXContainerItemProxy section */

/* Begin PBXFileReference section */
		98C5586E2CC2D8C100628ED3 /* FollowersGitHub.app */ = {isa = PBXFileReference; explicitFileType = wrapper.application; includeInIndex = 0; path = FollowersGitHub.app; sourceTree = BUILT_PRODUCTS_DIR; };
		98C558842CC2D8C200628ED3 /* FollowersGitHubTests.xctest */ = {isa = PBXFileReference; explicitFileType = wrapper.cfbundle; includeInIndex = 0; path = FollowersGitHubTests.xctest; sourceTree = BUILT_PRODUCTS_DIR; };
		98C5588E2CC2D8C200628ED3 /* FollowersGitHubUITests.xctest */ = {isa = PBXFileReference; explicitFileType = wrapper.cfbundle; includeInIndex = 0; path = FollowersGitHubUITests.xctest; sourceTree = BUILT_PRODUCTS_DIR; };
/* End PBXFileReference section */

/* Begin PBXFileSystemSynchronizedBuildFileExceptionSet section */
		98A6FF7C2CC7F23200F91F37 /* Exceptions for "FollowersGitHub" folder in "FollowersGitHub" target */ = {
			isa = PBXFileSystemSynchronizedBuildFileExceptionSet;
			membershipExceptions = (
				"/Localized: Support/LaunchScreen.storyboard",
				"Custom Views/cells/FollowerCell.swift",
				"Custom Views/GFAlertVC.swift",
				"Custom Views/GFAvatarImageView.swift",
				"Custom Views/GFBodyLabel.swift",
				"Custom Views/GFButton.swift",
				"Custom Views/GFTextField.swift",
				"Custom Views/GFTitleLabel.swift",
				"Extensions/UIViewController+est.swift",
				Managers/NetworkManager.swift,
				Model/Follower.swift,
				Model/user.swift,
				Screens/FavoritesListVC.swift,
				Screens/FollowersListVC.swift,
				Screens/SearchVc.swift,
				Support/AppDelegate.swift,
				Support/Assets.xcassets,
				Support/SceneDelegate.swift,
				Support/ViewController.swift,
				Utilities/ErrorMessage.swift,
				Utilities/UIHelper.swift,
			);
			target = 98C5586D2CC2D8C100628ED3 /* FollowersGitHub */;
		};
		98A6FF7D2CC7F23200F91F37 /* Exceptions for "FollowersGitHub" folder in "FollowersGitHubTests" target */ = {
			isa = PBXFileSystemSynchronizedBuildFileExceptionSet;
			membershipExceptions = (
				"/Localized: Support/LaunchScreen.storyboard",
				"Custom Views/GFAlertVC.swift",
				"Custom Views/GFAvatarImageView.swift",
				"Custom Views/GFBodyLabel.swift",
				"Custom Views/GFButton.swift",
				"Custom Views/GFTextField.swift",
				"Custom Views/GFTitleLabel.swift",
				"Extensions/UIViewController+est.swift",
				Info.plist,
				Managers/NetworkManager.swift,
				Screens/FavoritesListVC.swift,
				Screens/FollowersListVC.swift,
				Screens/SearchVc.swift,
				Support/AppDelegate.swift,
				Support/Assets.xcassets,
				Support/SceneDelegate.swift,
				Support/ViewController.swift,
			);
			target = 98C558832CC2D8C200628ED3 /* FollowersGitHubTests */;
		};
/* End PBXFileSystemSynchronizedBuildFileExceptionSet section */

/* Begin PBXFileSystemSynchronizedRootGroup section */
		98A6FF6D2CC7F23200F91F37 /* FollowersGitHub */ = {
			isa = PBXFileSystemSynchronizedRootGroup;
			exceptions = (
				98A6FF7C2CC7F23200F91F37 /* Exceptions for "FollowersGitHub" folder in "FollowersGitHub" target */,
				98A6FF7D2CC7F23200F91F37 /* Exceptions for "FollowersGitHub" folder in "FollowersGitHubTests" target */,
			);
			path = FollowersGitHub;
			sourceTree = "<group>";
		};
		98C558872CC2D8C200628ED3 /* FollowersGitHubTests */ = {
			isa = PBXFileSystemSynchronizedRootGroup;
			path = FollowersGitHubTests;
			sourceTree = "<group>";
		};
		98C558912CC2D8C200628ED3 /* FollowersGitHubUITests */ = {
			isa = PBXFileSystemSynchronizedRootGroup;
			path = FollowersGitHubUITests;
			sourceTree = "<group>";
		};
/* End PBXFileSystemSynchronizedRootGroup section */

/* Begin PBXFrameworksBuildPhase section */
		98C5586B2CC2D8C100628ED3 /* Frameworks */ = {
			isa = PBXFrameworksBuildPhase;
			buildActionMask = 2147483647;
			files = (
			);
			runOnlyForDeploymentPostprocessing = 0;
		};
		98C558812CC2D8C200628ED3 /* Frameworks */ = {
			isa = PBXFrameworksBuildPhase;
			buildActionMask = 2147483647;
			files = (
			);
			runOnlyForDeploymentPostprocessing = 0;
		};
		98C5588B2CC2D8C200628ED3 /* Frameworks */ = {
			isa = PBXFrameworksBuildPhase;
			buildActionMask = 2147483647;
			files = (
			);
			runOnlyForDeploymentPostprocessing = 0;
		};
/* End PBXFrameworksBuildPhase section */

/* Begin PBXGroup section */
		98C558652CC2D8C100628ED3 = {
			isa = PBXGroup;
			children = (
				98A6FF6D2CC7F23200F91F37 /* FollowersGitHub */,
				98C558872CC2D8C200628ED3 /* FollowersGitHubTests */,
				98C558912CC2D8C200628ED3 /* FollowersGitHubUITests */,
				98C5586F2CC2D8C100628ED3 /* Products */,
			);
			sourceTree = "<group>";
		};
		98C5586F2CC2D8C100628ED3 /* Products */ = {
			isa = PBXGroup;
			children = (
				98C5586E2CC2D8C100628ED3 /* FollowersGitHub.app */,
				98C558842CC2D8C200628ED3 /* FollowersGitHubTests.xctest */,
				98C5588E2CC2D8C200628ED3 /* FollowersGitHubUITests.xctest */,
			);
			name = Products;
			sourceTree = "<group>";
		};
/* End PBXGroup section */

/* Begin PBXNativeTarget section */
		98C5586D2CC2D8C100628ED3 /* FollowersGitHub */ = {
			isa = PBXNativeTarget;
			buildConfigurationList = 98C558972CC2D8C200628ED3 /* Build configuration list for PBXNativeTarget "FollowersGitHub" */;
			buildPhases = (
				98C5586A2CC2D8C100628ED3 /* Sources */,
				98C5586B2CC2D8C100628ED3 /* Frameworks */,
				98C5586C2CC2D8C100628ED3 /* Resources */,
			);
			buildRules = (
			);
			dependencies = (
			);
			name = FollowersGitHub;
			packageProductDependencies = (
			);
			productName = FollowersGitHub;
			productReference = 98C5586E2CC2D8C100628ED3 /* FollowersGitHub.app */;
			productType = "com.apple.product-type.application";
		};
		98C558832CC2D8C200628ED3 /* FollowersGitHubTests */ = {
			isa = PBXNativeTarget;
			buildConfigurationList = 98C5589C2CC2D8C200628ED3 /* Build configuration list for PBXNativeTarget "FollowersGitHubTests" */;
			buildPhases = (
				98C558802CC2D8C200628ED3 /* Sources */,
				98C558812CC2D8C200628ED3 /* Frameworks */,
				98C558822CC2D8C200628ED3 /* Resources */,
			);
			buildRules = (
			);
			dependencies = (
				98C558862CC2D8C200628ED3 /* PBXTargetDependency */,
			);
			fileSystemSynchronizedGroups = (
				98A6FF6D2CC7F23200F91F37 /* FollowersGitHub */,
				98C558872CC2D8C200628ED3 /* FollowersGitHubTests */,
			);
			name = FollowersGitHubTests;
			packageProductDependencies = (
			);
			productName = FollowersGitHubTests;
			productReference = 98C558842CC2D8C200628ED3 /* FollowersGitHubTests.xctest */;
			productType = "com.apple.product-type.bundle.unit-test";
		};
		98C5588D2CC2D8C200628ED3 /* FollowersGitHubUITests */ = {
			isa = PBXNativeTarget;
			buildConfigurationList = 98C5589F2CC2D8C200628ED3 /* Build configuration list for PBXNativeTarget "FollowersGitHubUITests" */;
			buildPhases = (
				98C5588A2CC2D8C200628ED3 /* Sources */,
				98C5588B2CC2D8C200628ED3 /* Frameworks */,
				98C5588C2CC2D8C200628ED3 /* Resources */,
			);
			buildRules = (
			);
			dependencies = (
				98C558902CC2D8C200628ED3 /* PBXTargetDependency */,
			);
			fileSystemSynchronizedGroups = (
				98C558912CC2D8C200628ED3 /* FollowersGitHubUITests */,
			);
			name = FollowersGitHubUITests;
			packageProductDependencies = (
			);
			productName = FollowersGitHubUITests;
			productReference = 98C5588E2CC2D8C200628ED3 /* FollowersGitHubUITests.xctest */;
			productType = "com.apple.product-type.bundle.ui-testing";
		};
/* End PBXNativeTarget section */

/* Begin PBXProject section */
		98C558662CC2D8C100628ED3 /* Project object */ = {
			isa = PBXProject;
			attributes = {
				BuildIndependentTargetsInParallel = 1;
				LastSwiftUpdateCheck = 1600;
				LastUpgradeCheck = 1600;
				TargetAttributes = {
					98C5586D2CC2D8C100628ED3 = {
						CreatedOnToolsVersion = 16.0;
					};
					98C558832CC2D8C200628ED3 = {
						CreatedOnToolsVersion = 16.0;
						TestTargetID = 98C5586D2CC2D8C100628ED3;
					};
					98C5588D2CC2D8C200628ED3 = {
						CreatedOnToolsVersion = 16.0;
						TestTargetID = 98C5586D2CC2D8C100628ED3;
					};
				};
			};
			buildConfigurationList = 98C558692CC2D8C100628ED3 /* Build configuration list for PBXProject "FollowersGitHub" */;
			developmentRegion = en;
			hasScannedForEncodings = 0;
			knownRegions = (
				en,
				Base,
			);
			mainGroup = 98C558652CC2D8C100628ED3;
			minimizedProjectReferenceProxies = 1;
			preferredProjectObjectVersion = 77;
			productRefGroup = 98C5586F2CC2D8C100628ED3 /* Products */;
			projectDirPath = "";
			projectRoot = "";
			targets = (
				98C5586D2CC2D8C100628ED3 /* FollowersGitHub */,
				98C558832CC2D8C200628ED3 /* FollowersGitHubTests */,
				98C5588D2CC2D8C200628ED3 /* FollowersGitHubUITests */,
			);
		};
/* End PBXProject section */

/* Begin PBXResourcesBuildPhase section */
		98C5586C2CC2D8C100628ED3 /* Resources */ = {
			isa = PBXResourcesBuildPhase;
			buildActionMask = 2147483647;
			files = (
			);
			runOnlyForDeploymentPostprocessing = 0;
		};
		98C558822CC2D8C200628ED3 /* Resources */ = {
			isa = PBXResourcesBuildPhase;
			buildActionMask = 2147483647;
			files = (
			);
			runOnlyForDeploymentPostprocessing = 0;
		};
		98C5588C2CC2D8C200628ED3 /* Resources */ = {
			isa = PBXResourcesBuildPhase;
			buildActionMask = 2147483647;
			files = (
			);
			runOnlyForDeploymentPostprocessing = 0;
		};
/* End PBXResourcesBuildPhase section */

/* Begin PBXSourcesBuildPhase section */
		98C5586A2CC2D8C100628ED3 /* Sources */ = {
			isa = PBXSourcesBuildPhase;
			buildActionMask = 2147483647;
			files = (
			);
			runOnlyForDeploymentPostprocessing = 0;
		};
		98C558802CC2D8C200628ED3 /* Sources */ = {
			isa = PBXSourcesBuildPhase;
			buildActionMask = 2147483647;
			files = (
			);
			runOnlyForDeploymentPostprocessing = 0;
		};
		98C5588A2CC2D8C200628ED3 /* Sources */ = {
			isa = PBXSourcesBuildPhase;
			buildActionMask = 2147483647;
			files = (
			);
			runOnlyForDeploymentPostprocessing = 0;
		};
/* End PBXSourcesBuildPhase section */

/* Begin PBXTargetDependency section */
		98C558862CC2D8C200628ED3 /* PBXTargetDependency */ = {
			isa = PBXTargetDependency;
			target = 98C5586D2CC2D8C100628ED3 /* FollowersGitHub */;
			targetProxy = 98C558852CC2D8C200628ED3 /* PBXContainerItemProxy */;
		};
		98C558902CC2D8C200628ED3 /* PBXTargetDependency */ = {
			isa = PBXTargetDependency;
			target = 98C5586D2CC2D8C100628ED3 /* FollowersGitHub */;
			targetProxy = 98C5588F2CC2D8C200628ED3 /* PBXContainerItemProxy */;
		};
/* End PBXTargetDependency section */

/* Begin XCBuildConfiguration section */
		98C558982CC2D8C200628ED3 /* Debug */ = {
			isa = XCBuildConfiguration;
			buildSettings = {
				ASSETCATALOG_COMPILER_APPICON_NAME = AppIcon;
				ASSETCATALOG_COMPILER_GLOBAL_ACCENT_COLOR_NAME = AccentColor;
				CODE_SIGN_STYLE = Automatic;
				CURRENT_PROJECT_VERSION = 1;
				GENERATE_INFOPLIST_FILE = YES;
				INFOPLIST_FILE = FollowersGitHub/Info.plist;
				INFOPLIST_KEY_UIApplicationSupportsIndirectInputEvents = YES;
				INFOPLIST_KEY_UILaunchStoryboardName = LaunchScreen;
				INFOPLIST_KEY_UIMainStoryboardFile = "";
				INFOPLIST_KEY_UISupportedInterfaceOrientations = UIInterfaceOrientationPortrait;
				LD_RUNPATH_SEARCH_PATHS = (
					"$(inherited)",
					"@executable_path/Frameworks",
				);
				MARKETING_VERSION = 1.0;
				PRODUCT_BUNDLE_IDENTIFIER = hey.FollowersGitHub;
				PRODUCT_NAME = "$(TARGET_NAME)";
				SWIFT_EMIT_LOC_STRINGS = YES;
				SWIFT_VERSION = 5.0;
				TARGETED_DEVICE_FAMILY = "1,2";
			};
			name = Debug;
		};
		98C558992CC2D8C200628ED3 /* Release */ = {
			isa = XCBuildConfiguration;
			buildSettings = {
				ASSETCATALOG_COMPILER_APPICON_NAME = AppIcon;
				ASSETCATALOG_COMPILER_GLOBAL_ACCENT_COLOR_NAME = AccentColor;
				CODE_SIGN_STYLE = Automatic;
				CURRENT_PROJECT_VERSION = 1;
				GENERATE_INFOPLIST_FILE = YES;
				INFOPLIST_FILE = FollowersGitHub/Info.plist;
				INFOPLIST_KEY_UIApplicationSupportsIndirectInputEvents = YES;
				INFOPLIST_KEY_UILaunchStoryboardName = LaunchScreen;
				INFOPLIST_KEY_UIMainStoryboardFile = "";
				INFOPLIST_KEY_UISupportedInterfaceOrientations = UIInterfaceOrientationPortrait;
				LD_RUNPATH_SEARCH_PATHS = (
					"$(inherited)",
					"@executable_path/Frameworks",
				);
				MARKETING_VERSION = 1.0;
				PRODUCT_BUNDLE_IDENTIFIER = hey.FollowersGitHub;
				PRODUCT_NAME = "$(TARGET_NAME)";
				SWIFT_EMIT_LOC_STRINGS = YES;
				SWIFT_VERSION = 5.0;
				TARGETED_DEVICE_FAMILY = "1,2";
			};
			name = Release;
		};
		98C5589A2CC2D8C200628ED3 /* Debug */ = {
			isa = XCBuildConfiguration;
			buildSettings = {
				ALWAYS_SEARCH_USER_PATHS = NO;
				ASSETCATALOG_COMPILER_GENERATE_SWIFT_ASSET_SYMBOL_EXTENSIONS = YES;
				CLANG_ANALYZER_NONNULL = YES;
				CLANG_ANALYZER_NUMBER_OBJECT_CONVERSION = YES_AGGRESSIVE;
				CLANG_CXX_LANGUAGE_STANDARD = "gnu++20";
				CLANG_ENABLE_MODULES = YES;
				CLANG_ENABLE_OBJC_ARC = YES;
				CLANG_ENABLE_OBJC_WEAK = YES;
				CLANG_WARN_BLOCK_CAPTURE_AUTORELEASING = YES;
				CLANG_WARN_BOOL_CONVERSION = YES;
				CLANG_WARN_COMMA = YES;
				CLANG_WARN_CONSTANT_CONVERSION = YES;
				CLANG_WARN_DEPRECATED_OBJC_IMPLEMENTATIONS = YES;
				CLANG_WARN_DIRECT_OBJC_ISA_USAGE = YES_ERROR;
				CLANG_WARN_DOCUMENTATION_COMMENTS = YES;
				CLANG_WARN_EMPTY_BODY = YES;
				CLANG_WARN_ENUM_CONVERSION = YES;
				CLANG_WARN_INFINITE_RECURSION = YES;
				CLANG_WARN_INT_CONVERSION = YES;
				CLANG_WARN_NON_LITERAL_NULL_CONVERSION = YES;
				CLANG_WARN_OBJC_IMPLICIT_RETAIN_SELF = YES;
				CLANG_WARN_OBJC_LITERAL_CONVERSION = YES;
				CLANG_WARN_OBJC_ROOT_CLASS = YES_ERROR;
				CLANG_WARN_QUOTED_INCLUDE_IN_FRAMEWORK_HEADER = YES;
				CLANG_WARN_RANGE_LOOP_ANALYSIS = YES;
				CLANG_WARN_STRICT_PROTOTYPES = YES;
				CLANG_WARN_SUSPICIOUS_MOVE = YES;
				CLANG_WARN_UNGUARDED_AVAILABILITY = YES_AGGRESSIVE;
				CLANG_WARN_UNREACHABLE_CODE = YES;
				CLANG_WARN__DUPLICATE_METHOD_MATCH = YES;
				COPY_PHASE_STRIP = NO;
				DEBUG_INFORMATION_FORMAT = dwarf;
				ENABLE_STRICT_OBJC_MSGSEND = YES;
				ENABLE_TESTABILITY = YES;
				ENABLE_USER_SCRIPT_SANDBOXING = YES;
				GCC_C_LANGUAGE_STANDARD = gnu17;
				GCC_DYNAMIC_NO_PIC = NO;
				GCC_NO_COMMON_BLOCKS = YES;
				GCC_OPTIMIZATION_LEVEL = 0;
				GCC_PREPROCESSOR_DEFINITIONS = (
					"DEBUG=1",
					"$(inherited)",
				);
				GCC_WARN_64_TO_32_BIT_CONVERSION = YES;
				GCC_WARN_ABOUT_RETURN_TYPE = YES_ERROR;
				GCC_WARN_UNDECLARED_SELECTOR = YES;
				GCC_WARN_UNINITIALIZED_AUTOS = YES_AGGRESSIVE;
				GCC_WARN_UNUSED_FUNCTION = YES;
				GCC_WARN_UNUSED_VARIABLE = YES;
				IPHONEOS_DEPLOYMENT_TARGET = 15.6;
				LOCALIZATION_PREFERS_STRING_CATALOGS = YES;
				MTL_ENABLE_DEBUG_INFO = INCLUDE_SOURCE;
				MTL_FAST_MATH = YES;
				ONLY_ACTIVE_ARCH = YES;
				SDKROOT = iphoneos;
				SWIFT_ACTIVE_COMPILATION_CONDITIONS = "DEBUG $(inherited)";
				SWIFT_OPTIMIZATION_LEVEL = "-Onone";
			};
			name = Debug;
		};
		98C5589B2CC2D8C200628ED3 /* Release */ = {
			isa = XCBuildConfiguration;
			buildSettings = {
				ALWAYS_SEARCH_USER_PATHS = NO;
				ASSETCATALOG_COMPILER_GENERATE_SWIFT_ASSET_SYMBOL_EXTENSIONS = YES;
				CLANG_ANALYZER_NONNULL = YES;
				CLANG_ANALYZER_NUMBER_OBJECT_CONVERSION = YES_AGGRESSIVE;
				CLANG_CXX_LANGUAGE_STANDARD = "gnu++20";
				CLANG_ENABLE_MODULES = YES;
				CLANG_ENABLE_OBJC_ARC = YES;
				CLANG_ENABLE_OBJC_WEAK = YES;
				CLANG_WARN_BLOCK_CAPTURE_AUTORELEASING = YES;
				CLANG_WARN_BOOL_CONVERSION = YES;
				CLANG_WARN_COMMA = YES;
				CLANG_WARN_CONSTANT_CONVERSION = YES;
				CLANG_WARN_DEPRECATED_OBJC_IMPLEMENTATIONS = YES;
				CLANG_WARN_DIRECT_OBJC_ISA_USAGE = YES_ERROR;
				CLANG_WARN_DOCUMENTATION_COMMENTS = YES;
				CLANG_WARN_EMPTY_BODY = YES;
				CLANG_WARN_ENUM_CONVERSION = YES;
				CLANG_WARN_INFINITE_RECURSION = YES;
				CLANG_WARN_INT_CONVERSION = YES;
				CLANG_WARN_NON_LITERAL_NULL_CONVERSION = YES;
				CLANG_WARN_OBJC_IMPLICIT_RETAIN_SELF = YES;
				CLANG_WARN_OBJC_LITERAL_CONVERSION = YES;
				CLANG_WARN_OBJC_ROOT_CLASS = YES_ERROR;
				CLANG_WARN_QUOTED_INCLUDE_IN_FRAMEWORK_HEADER = YES;
				CLANG_WARN_RANGE_LOOP_ANALYSIS = YES;
				CLANG_WARN_STRICT_PROTOTYPES = YES;
				CLANG_WARN_SUSPICIOUS_MOVE = YES;
				CLANG_WARN_UNGUARDED_AVAILABILITY = YES_AGGRESSIVE;
				CLANG_WARN_UNREACHABLE_CODE = YES;
				CLANG_WARN__DUPLICATE_METHOD_MATCH = YES;
				COPY_PHASE_STRIP = NO;
				DEBUG_INFORMATION_FORMAT = "dwarf-with-dsym";
				ENABLE_NS_ASSERTIONS = NO;
				ENABLE_STRICT_OBJC_MSGSEND = YES;
				ENABLE_USER_SCRIPT_SANDBOXING = YES;
				GCC_C_LANGUAGE_STANDARD = gnu17;
				GCC_NO_COMMON_BLOCKS = YES;
				GCC_WARN_64_TO_32_BIT_CONVERSION = YES;
				GCC_WARN_ABOUT_RETURN_TYPE = YES_ERROR;
				GCC_WARN_UNDECLARED_SELECTOR = YES;
				GCC_WARN_UNINITIALIZED_AUTOS = YES_AGGRESSIVE;
				GCC_WARN_UNUSED_FUNCTION = YES;
				GCC_WARN_UNUSED_VARIABLE = YES;
				IPHONEOS_DEPLOYMENT_TARGET = 15.6;
				LOCALIZATION_PREFERS_STRING_CATALOGS = YES;
				MTL_ENABLE_DEBUG_INFO = NO;
				MTL_FAST_MATH = YES;
				SDKROOT = iphoneos;
				SWIFT_COMPILATION_MODE = wholemodule;
				VALIDATE_PRODUCT = YES;
			};
			name = Release;
		};
		98C5589D2CC2D8C200628ED3 /* Debug */ = {
			isa = XCBuildConfiguration;
			buildSettings = {
				BUNDLE_LOADER = "$(TEST_HOST)";
				CODE_SIGN_STYLE = Automatic;
				CURRENT_PROJECT_VERSION = 1;
				GENERATE_INFOPLIST_FILE = YES;
				IPHONEOS_DEPLOYMENT_TARGET = 18.0;
				MARKETING_VERSION = 1.0;
				PRODUCT_BUNDLE_IDENTIFIER = hey.FollowersGitHubTests;
				PRODUCT_NAME = "$(TARGET_NAME)";
				SWIFT_EMIT_LOC_STRINGS = NO;
				SWIFT_VERSION = 5.0;
				TARGETED_DEVICE_FAMILY = "1,2";
				TEST_HOST = "$(BUILT_PRODUCTS_DIR)/FollowersGitHub.app/$(BUNDLE_EXECUTABLE_FOLDER_PATH)/FollowersGitHub";
			};
			name = Debug;
		};
		98C5589E2CC2D8C200628ED3 /* Release */ = {
			isa = XCBuildConfiguration;
			buildSettings = {
				BUNDLE_LOADER = "$(TEST_HOST)";
				CODE_SIGN_STYLE = Automatic;
				CURRENT_PROJECT_VERSION = 1;
				GENERATE_INFOPLIST_FILE = YES;
				IPHONEOS_DEPLOYMENT_TARGET = 18.0;
				MARKETING_VERSION = 1.0;
				PRODUCT_BUNDLE_IDENTIFIER = hey.FollowersGitHubTests;
				PRODUCT_NAME = "$(TARGET_NAME)";
				SWIFT_EMIT_LOC_STRINGS = NO;
				SWIFT_VERSION = 5.0;
				TARGETED_DEVICE_FAMILY = "1,2";
				TEST_HOST = "$(BUILT_PRODUCTS_DIR)/FollowersGitHub.app/$(BUNDLE_EXECUTABLE_FOLDER_PATH)/FollowersGitHub";
			};
			name = Release;
		};
		98C558A02CC2D8C200628ED3 /* Debug */ = {
			isa = XCBuildConfiguration;
			buildSettings = {
				CODE_SIGN_STYLE = Automatic;
				CURRENT_PROJECT_VERSION = 1;
				GENERATE_INFOPLIST_FILE = YES;
				MARKETING_VERSION = 1.0;
				PRODUCT_BUNDLE_IDENTIFIER = hey.FollowersGitHubUITests;
				PRODUCT_NAME = "$(TARGET_NAME)";
				SWIFT_EMIT_LOC_STRINGS = NO;
				SWIFT_VERSION = 5.0;
				TARGETED_DEVICE_FAMILY = "1,2";
				TEST_TARGET_NAME = FollowersGitHub;
			};
			name = Debug;
		};
		98C558A12CC2D8C200628ED3 /* Release */ = {
			isa = XCBuildConfiguration;
			buildSettings = {
				CODE_SIGN_STYLE = Automatic;
				CURRENT_PROJECT_VERSION = 1;
				GENERATE_INFOPLIST_FILE = YES;
				MARKETING_VERSION = 1.0;
				PRODUCT_BUNDLE_IDENTIFIER = hey.FollowersGitHubUITests;
				PRODUCT_NAME = "$(TARGET_NAME)";
				SWIFT_EMIT_LOC_STRINGS = NO;
				SWIFT_VERSION = 5.0;
				TARGETED_DEVICE_FAMILY = "1,2";
				TEST_TARGET_NAME = FollowersGitHub;
			};
			name = Release;
		};
/* End XCBuildConfiguration section */

/* Begin XCConfigurationList section */
		98C558692CC2D8C100628ED3 /* Build configuration list for PBXProject "FollowersGitHub" */ = {
			isa = XCConfigurationList;
			buildConfigurations = (
				98C5589A2CC2D8C200628ED3 /* Debug */,
				98C5589B2CC2D8C200628ED3 /* Release */,
			);
			defaultConfigurationIsVisible = 0;
			defaultConfigurationName = Release;
		};
		98C558972CC2D8C200628ED3 /* Build configuration list for PBXNativeTarget "FollowersGitHub" */ = {
			isa = XCConfigurationList;
			buildConfigurations = (
				98C558982CC2D8C200628ED3 /* Debug */,
				98C558992CC2D8C200628ED3 /* Release */,
			);
			defaultConfigurationIsVisible = 0;
			defaultConfigurationName = Release;
		};
		98C5589C2CC2D8C200628ED3 /* Build configuration list for PBXNativeTarget "FollowersGitHubTests" */ = {
			isa = XCConfigurationList;
			buildConfigurations = (
				98C5589D2CC2D8C200628ED3 /* Debug */,
				98C5589E2CC2D8C200628ED3 /* Release */,
			);
			defaultConfigurationIsVisible = 0;
			defaultConfigurationName = Release;
		};
		98C5589F2CC2D8C200628ED3 /* Build configuration list for PBXNativeTarget "FollowersGitHubUITests" */ = {
			isa = XCConfigurationList;
			buildConfigurations = (
				98C558A02CC2D8C200628ED3 /* Debug */,
				98C558A12CC2D8C200628ED3 /* Release */,
			);
			defaultConfigurationIsVisible = 0;
			defaultConfigurationName = Release;
		};
/* End XCConfigurationList section */
	};
	rootObject = 98C558662CC2D8C100628ED3 /* Project object */;
}
